// !$*UTF8*$!
{
	archiveVersion = 1;
	classes = {
	};
	objectVersion = 55;
	objects = {

/* Begin PBXBuildFile section */
		CBEADA072817585300AE0DD2 /* LearningAppAltApp.swift in Sources */ = {isa = PBXBuildFile; fileRef = CBEADA062817585300AE0DD2 /* LearningAppAltApp.swift */; };
		CBEADA092817585300AE0DD2 /* ContentView.swift in Sources */ = {isa = PBXBuildFile; fileRef = CBEADA082817585300AE0DD2 /* ContentView.swift */; };
		CBEADA0B2817585C00AE0DD2 /* Assets.xcassets in Resources */ = {isa = PBXBuildFile; fileRef = CBEADA0A2817585C00AE0DD2 /* Assets.xcassets */; };
		CBEADA0E2817585C00AE0DD2 /* Preview Assets.xcassets in Resources */ = {isa = PBXBuildFile; fileRef = CBEADA0D2817585C00AE0DD2 /* Preview Assets.xcassets */; };
		CBEADA152817586E00AE0DD2 /* data.json in Resources */ = {isa = PBXBuildFile; fileRef = CBEADA142817586E00AE0DD2 /* data.json */; };
		CBEADA172817588500AE0DD2 /* Model.swift in Sources */ = {isa = PBXBuildFile; fileRef = CBEADA162817588500AE0DD2 /* Model.swift */; };
		CBEADA19281758D000AE0DD2 /* ContentModel.swift in Sources */ = {isa = PBXBuildFile; fileRef = CBEADA18281758D000AE0DD2 /* ContentModel.swift */; };
		CBEADA1C28175EA800AE0DD2 /* AVKit.framework in Frameworks */ = {isa = PBXBuildFile; fileRef = CBEADA1B28175EA800AE0DD2 /* AVKit.framework */; };
		CBEADA1E28175ECE00AE0DD2 /* ContentDetailView.swift in Sources */ = {isa = PBXBuildFile; fileRef = CBEADA1D28175ECE00AE0DD2 /* ContentDetailView.swift */; };
/* End PBXBuildFile section */

/* Begin PBXFileReference section */
		CBEADA032817585300AE0DD2 /* LearningAppAlt.app */ = {isa = PBXFileReference; explicitFileType = wrapper.application; includeInIndex = 0; path = LearningAppAlt.app; sourceTree = BUILT_PRODUCTS_DIR; };
		CBEADA062817585300AE0DD2 /* LearningAppAltApp.swift */ = {isa = PBXFileReference; lastKnownFileType = sourcecode.swift; path = LearningAppAltApp.swift; sourceTree = "<group>"; };
		CBEADA082817585300AE0DD2 /* ContentView.swift */ = {isa = PBXFileReference; lastKnownFileType = sourcecode.swift; path = ContentView.swift; sourceTree = "<group>"; };
		CBEADA0A2817585C00AE0DD2 /* Assets.xcassets */ = {isa = PBXFileReference; lastKnownFileType = folder.assetcatalog; path = Assets.xcassets; sourceTree = "<group>"; };
		CBEADA0D2817585C00AE0DD2 /* Preview Assets.xcassets */ = {isa = PBXFileReference; lastKnownFileType = folder.assetcatalog; path = "Preview Assets.xcassets"; sourceTree = "<group>"; };
		CBEADA142817586E00AE0DD2 /* data.json */ = {isa = PBXFileReference; lastKnownFileType = text.json; path = data.json; sourceTree = "<group>"; };
		CBEADA162817588500AE0DD2 /* Model.swift */ = {isa = PBXFileReference; lastKnownFileType = sourcecode.swift; path = Model.swift; sourceTree = "<group>"; };
		CBEADA18281758D000AE0DD2 /* ContentModel.swift */ = {isa = PBXFileReference; lastKnownFileType = sourcecode.swift; path = ContentModel.swift; sourceTree = "<group>"; };
		CBEADA1B28175EA800AE0DD2 /* AVKit.framework */ = {isa = PBXFileReference; lastKnownFileType = wrapper.framework; name = AVKit.framework; path = System/Library/Frameworks/AVKit.framework; sourceTree = SDKROOT; };
		CBEADA1D28175ECE00AE0DD2 /* ContentDetailView.swift */ = {isa = PBXFileReference; lastKnownFileType = sourcecode.swift; path = ContentDetailView.swift; sourceTree = "<group>"; };
/* End PBXFileReference section */

/* Begin PBXFrameworksBuildPhase section */
		CBEADA002817585300AE0DD2 /* Frameworks */ = {
			isa = PBXFrameworksBuildPhase;
			buildActionMask = 2147483647;
			files = (
				CBEADA1C28175EA800AE0DD2 /* AVKit.framework in Frameworks */,
			);
			runOnlyForDeploymentPostprocessing = 0;
		};
/* End PBXFrameworksBuildPhase section */

/* Begin PBXGroup section */
		CBEAD9FA2817585300AE0DD2 = {
			isa = PBXGroup;
			children = (
				CBEADA052817585300AE0DD2 /* LearningAppAlt */,
				CBEADA042817585300AE0DD2 /* Products */,
				CBEADA1A28175EA800AE0DD2 /* Frameworks */,
			);
			sourceTree = "<group>";
		};
		CBEADA042817585300AE0DD2 /* Products */ = {
			isa = PBXGroup;
			children = (
				CBEADA032817585300AE0DD2 /* LearningAppAlt.app */,
			);
			name = Products;
			sourceTree = "<group>";
		};
		CBEADA052817585300AE0DD2 /* LearningAppAlt */ = {
			isa = PBXGroup;
			children = (
				CBEADA062817585300AE0DD2 /* LearningAppAltApp.swift */,
				CBEADA082817585300AE0DD2 /* ContentView.swift */,
				CBEADA0A2817585C00AE0DD2 /* Assets.xcassets */,
				CBEADA0C2817585C00AE0DD2 /* Preview Content */,
				CBEADA142817586E00AE0DD2 /* data.json */,
				CBEADA162817588500AE0DD2 /* Model.swift */,
				CBEADA18281758D000AE0DD2 /* ContentModel.swift */,
				CBEADA1D28175ECE00AE0DD2 /* ContentDetailView.swift */,
			);
			path = LearningAppAlt;
			sourceTree = "<group>";
		};
		CBEADA0C2817585C00AE0DD2 /* Preview Content */ = {
			isa = PBXGroup;
			children = (
				CBEADA0D2817585C00AE0DD2 /* Preview Assets.xcassets */,
			);
			path = "Preview Content";
			sourceTree = "<group>";
		};
		CBEADA1A28175EA800AE0DD2 /* Frameworks */ = {
			isa = PBXGroup;
			children = (
				CBEADA1B28175EA800AE0DD2 /* AVKit.framework */,
			);
			name = Frameworks;
			sourceTree = "<group>";
		};
/* End PBXGroup section */

/* Begin PBXNativeTarget section */
		CBEADA022817585300AE0DD2 /* LearningAppAlt */ = {
			isa = PBXNativeTarget;
			buildConfigurationList = CBEADA112817585C00AE0DD2 /* Build configuration list for PBXNativeTarget "LearningAppAlt" */;
			buildPhases = (
				CBEAD9FF2817585300AE0DD2 /* Sources */,
				CBEADA002817585300AE0DD2 /* Frameworks */,
				CBEADA012817585300AE0DD2 /* Resources */,
			);
			buildRules = (
			);
			dependencies = (
			);
			name = LearningAppAlt;
			productName = LearningAppAlt;
			productReference = CBEADA032817585300AE0DD2 /* LearningAppAlt.app */;
			productType = "com.apple.product-type.application";
		};
/* End PBXNativeTarget section */

/* Begin PBXProject section */
		CBEAD9FB2817585300AE0DD2 /* Project object */ = {
			isa = PBXProject;
			attributes = {
				BuildIndependentTargetsInParallel = 1;
				LastSwiftUpdateCheck = 1330;
				LastUpgradeCheck = 1330;
				TargetAttributes = {
					CBEADA022817585300AE0DD2 = {
						CreatedOnToolsVersion = 13.3.1;
					};
				};
			};
			buildConfigurationList = CBEAD9FE2817585300AE0DD2 /* Build configuration list for PBXProject "LearningAppAlt" */;
			compatibilityVersion = "Xcode 13.0";
			developmentRegion = en;
			hasScannedForEncodings = 0;
			knownRegions = (
				en,
				Base,
			);
			mainGroup = CBEAD9FA2817585300AE0DD2;
			productRefGroup = CBEADA042817585300AE0DD2 /* Products */;
			projectDirPath = "";
			projectRoot = "";
			targets = (
				CBEADA022817585300AE0DD2 /* LearningAppAlt */,
			);
		};
/* End PBXProject section */

/* Begin PBXResourcesBuildPhase section */
		CBEADA012817585300AE0DD2 /* Resources */ = {
			isa = PBXResourcesBuildPhase;
			buildActionMask = 2147483647;
			files = (
				CBEADA0E2817585C00AE0DD2 /* Preview Assets.xcassets in Resources */,
				CBEADA152817586E00AE0DD2 /* data.json in Resources */,
				CBEADA0B2817585C00AE0DD2 /* Assets.xcassets in Resources */,
			);
			runOnlyForDeploymentPostprocessing = 0;
		};
/* End PBXResourcesBuildPhase section */

/* Begin PBXSourcesBuildPhase section */
		CBEAD9FF2817585300AE0DD2 /* Sources */ = {
			isa = PBXSourcesBuildPhase;
			buildActionMask = 2147483647;
			files = (
				CBEADA1E28175ECE00AE0DD2 /* ContentDetailView.swift in Sources */,
				CBEADA172817588500AE0DD2 /* Model.swift in Sources */,
				CBEADA19281758D000AE0DD2 /* ContentModel.swift in Sources */,
				CBEADA092817585300AE0DD2 /* ContentView.swift in Sources */,
				CBEADA072817585300AE0DD2 /* LearningAppAltApp.swift in Sources */,
			);
			runOnlyForDeploymentPostprocessing = 0;
		};
/* End PBXSourcesBuildPhase section */

/* Begin XCBuildConfiguration section */
		CBEADA0F2817585C00AE0DD2 /* Debug */ = {
			isa = XCBuildConfiguration;
			buildSettings = {
				ALWAYS_SEARCH_USER_PATHS = NO;
				CLANG_ANALYZER_NONNULL = YES;
				CLANG_ANALYZER_NUMBER_OBJECT_CONVERSION = YES_AGGRESSIVE;
				CLANG_CXX_LANGUAGE_STANDARD = "gnu++17";
				CLANG_ENABLE_MODULES = YES;
				CLANG_ENABLE_OBJC_ARC = YES;
				CLANG_ENABLE_OBJC_WEAK = YES;
				CLANG_WARN_BLOCK_CAPTURE_AUTORELEASING = YES;
				CLANG_WARN_BOOL_CONVERSION = YES;
				CLANG_WARN_COMMA = YES;
				CLANG_WARN_CONSTANT_CONVERSION = YES;
				CLANG_WARN_DEPRECATED_OBJC_IMPLEMENTATIONS = YES;
				CLANG_WARN_DIRECT_OBJC_ISA_USAGE = YES_ERROR;
				CLANG_WARN_DOCUMENTATION_COMMENTS = YES;
				CLANG_WARN_EMPTY_BODY = YES;
				CLANG_WARN_ENUM_CONVERSION = YES;
				CLANG_WARN_INFINITE_RECURSION = YES;
				CLANG_WARN_INT_CONVERSION = YES;
				CLANG_WARN_NON_LITERAL_NULL_CONVERSION = YES;
				CLANG_WARN_OBJC_IMPLICIT_RETAIN_SELF = YES;
				CLANG_WARN_OBJC_LITERAL_CONVERSION = YES;
				CLANG_WARN_OBJC_ROOT_CLASS = YES_ERROR;
				CLANG_WARN_QUOTED_INCLUDE_IN_FRAMEWORK_HEADER = YES;
				CLANG_WARN_RANGE_LOOP_ANALYSIS = YES;
				CLANG_WARN_STRICT_PROTOTYPES = YES;
				CLANG_WARN_SUSPICIOUS_MOVE = YES;
				CLANG_WARN_UNGUARDED_AVAILABILITY = YES_AGGRESSIVE;
				CLANG_WARN_UNREACHABLE_CODE = YES;
				CLANG_WARN__DUPLICATE_METHOD_MATCH = YES;
				COPY_PHASE_STRIP = NO;
				DEBUG_INFORMATION_FORMAT = dwarf;
				ENABLE_STRICT_OBJC_MSGSEND = YES;
				ENABLE_TESTABILITY = YES;
				GCC_C_LANGUAGE_STANDARD = gnu11;
				GCC_DYNAMIC_NO_PIC = NO;
				GCC_NO_COMMON_BLOCKS = YES;
				GCC_OPTIMIZATION_LEVEL = 0;
				GCC_PREPROCESSOR_DEFINITIONS = (
					"DEBUG=1",
					"$(inherited)",
				);
				GCC_WARN_64_TO_32_BIT_CONVERSION = YES;
				GCC_WARN_ABOUT_RETURN_TYPE = YES_ERROR;
				GCC_WARN_UNDECLARED_SELECTOR = YES;
				GCC_WARN_UNINITIALIZED_AUTOS = YES_AGGRESSIVE;
				GCC_WARN_UNUSED_FUNCTION = YES;
				GCC_WARN_UNUSED_VARIABLE = YES;
				IPHONEOS_DEPLOYMENT_TARGET = 15.4;
				MTL_ENABLE_DEBUG_INFO = INCLUDE_SOURCE;
				MTL_FAST_MATH = YES;
				ONLY_ACTIVE_ARCH = YES;
				SDKROOT = iphoneos;
				SWIFT_ACTIVE_COMPILATION_CONDITIONS = DEBUG;
				SWIFT_OPTIMIZATION_LEVEL = "-Onone";
			};
			name = Debug;
		};
		CBEADA102817585C00AE0DD2 /* Release */ = {
			isa = XCBuildConfiguration;
			buildSettings = {
				ALWAYS_SEARCH_USER_PATHS = NO;
				CLANG_ANALYZER_NONNULL = YES;
				CLANG_ANALYZER_NUMBER_OBJECT_CONVERSION = YES_AGGRESSIVE;
				CLANG_CXX_LANGUAGE_STANDARD = "gnu++17";
				CLANG_ENABLE_MODULES = YES;
				CLANG_ENABLE_OBJC_ARC = YES;
				CLANG_ENABLE_OBJC_WEAK = YES;
				CLANG_WARN_BLOCK_CAPTURE_AUTORELEASING = YES;
				CLANG_WARN_BOOL_CONVERSION = YES;
				CLANG_WARN_COMMA = YES;
				CLANG_WARN_CONSTANT_CONVERSION = YES;
				CLANG_WARN_DEPRECATED_OBJC_IMPLEMENTATIONS = YES;
				CLANG_WARN_DIRECT_OBJC_ISA_USAGE = YES_ERROR;
				CLANG_WARN_DOCUMENTATION_COMMENTS = YES;
				CLANG_WARN_EMPTY_BODY = YES;
				CLANG_WARN_ENUM_CONVERSION = YES;
				CLANG_WARN_INFINITE_RECURSION = YES;
				CLANG_WARN_INT_CONVERSION = YES;
				CLANG_WARN_NON_LITERAL_NULL_CONVERSION = YES;
				CLANG_WARN_OBJC_IMPLICIT_RETAIN_SELF = YES;
				CLANG_WARN_OBJC_LITERAL_CONVERSION = YES;
				CLANG_WARN_OBJC_ROOT_CLASS = YES_ERROR;
				CLANG_WARN_QUOTED_INCLUDE_IN_FRAMEWORK_HEADER = YES;
				CLANG_WARN_RANGE_LOOP_ANALYSIS = YES;
				CLANG_WARN_STRICT_PROTOTYPES = YES;
				CLANG_WARN_SUSPICIOUS_MOVE = YES;
				CLANG_WARN_UNGUARDED_AVAILABILITY = YES_AGGRESSIVE;
				CLANG_WARN_UNREACHABLE_CODE = YES;
				CLANG_WARN__DUPLICATE_METHOD_MATCH = YES;
				COPY_PHASE_STRIP = NO;
				DEBUG_INFORMATION_FORMAT = "dwarf-with-dsym";
				ENABLE_NS_ASSERTIONS = NO;
				ENABLE_STRICT_OBJC_MSGSEND = YES;
				GCC_C_LANGUAGE_STANDARD = gnu11;
				GCC_NO_COMMON_BLOCKS = YES;
				GCC_WARN_64_TO_32_BIT_CONVERSION = YES;
				GCC_WARN_ABOUT_RETURN_TYPE = YES_ERROR;
				GCC_WARN_UNDECLARED_SELECTOR = YES;
				GCC_WARN_UNINITIALIZED_AUTOS = YES_AGGRESSIVE;
				GCC_WARN_UNUSED_FUNCTION = YES;
				GCC_WARN_UNUSED_VARIABLE = YES;
				IPHONEOS_DEPLOYMENT_TARGET = 15.4;
				MTL_ENABLE_DEBUG_INFO = NO;
				MTL_FAST_MATH = YES;
				SDKROOT = iphoneos;
				SWIFT_COMPILATION_MODE = wholemodule;
				SWIFT_OPTIMIZATION_LEVEL = "-O";
				VALIDATE_PRODUCT = YES;
			};
			name = Release;
		};
		CBEADA122817585C00AE0DD2 /* Debug */ = {
			isa = XCBuildConfiguration;
			buildSettings = {
				ASSETCATALOG_COMPILER_APPICON_NAME = AppIcon;
				ASSETCATALOG_COMPILER_GLOBAL_ACCENT_COLOR_NAME = AccentColor;
				CODE_SIGN_STYLE = Automatic;
				CURRENT_PROJECT_VERSION = 1;
				DEVELOPMENT_ASSET_PATHS = "\"LearningAppAlt/Preview Content\"";
				DEVELOPMENT_TEAM = JRCGD3J9C6;
				ENABLE_PREVIEWS = YES;
				GENERATE_INFOPLIST_FILE = YES;
				INFOPLIST_KEY_UIApplicationSceneManifest_Generation = YES;
				INFOPLIST_KEY_UIApplicationSupportsIndirectInputEvents = YES;
				INFOPLIST_KEY_UILaunchScreen_Generation = YES;
				INFOPLIST_KEY_UISupportedInterfaceOrientations_iPad = "UIInterfaceOrientationPortrait UIInterfaceOrientationPortraitUpsideDown UIInterfaceOrientationLandscapeLeft UIInterfaceOrientationLandscapeRight";
				INFOPLIST_KEY_UISupportedInterfaceOrientations_iPhone = "UIInterfaceOrientationPortrait UIInterfaceOrientationLandscapeLeft UIInterfaceOrientationLandscapeRight";
				LD_RUNPATH_SEARCH_PATHS = (
					"$(inherited)",
					"@executable_path/Frameworks",
				);
				MARKETING_VERSION = 1.0;
				PRODUCT_BUNDLE_IDENTIFIER = com.personal.LearningAppAlt;
				PRODUCT_NAME = "$(TARGET_NAME)";
				SWIFT_EMIT_LOC_STRINGS = YES;
				SWIFT_VERSION = 5.0;
				TARGETED_DEVICE_FAMILY = "1,2";
			};
			name = Debug;
		};
		CBEADA132817585C00AE0DD2 /* Release */ = {
			isa = XCBuildConfiguration;
			buildSettings = {
				ASSETCATALOG_COMPILER_APPICON_NAME = AppIcon;
				ASSETCATALOG_COMPILER_GLOBAL_ACCENT_COLOR_NAME = AccentColor;
				CODE_SIGN_STYLE = Automatic;
				CURRENT_PROJECT_VERSION = 1;
				DEVELOPMENT_ASSET_PATHS = "\"LearningAppAlt/Preview Content\"";
				DEVELOPMENT_TEAM = JRCGD3J9C6;
				ENABLE_PREVIEWS = YES;
				GENERATE_INFOPLIST_FILE = YES;
				INFOPLIST_KEY_UIApplicationSceneManifest_Generation = YES;
				INFOPLIST_KEY_UIApplicationSupportsIndirectInputEvents = YES;
				INFOPLIST_KEY_UILaunchScreen_Generation = YES;
				INFOPLIST_KEY_UISupportedInterfaceOrientations_iPad = "UIInterfaceOrientationPortrait UIInterfaceOrientationPortraitUpsideDown UIInterfaceOrientationLandscapeLeft UIInterfaceOrientationLandscapeRight";
				INFOPLIST_KEY_UISupportedInterfaceOrientations_iPhone = "UIInterfaceOrientationPortrait UIInterfaceOrientationLandscapeLeft UIInterfaceOrientationLandscapeRight";
				LD_RUNPATH_SEARCH_PATHS = (
					"$(inherited)",
					"@executable_path/Frameworks",
				);
				MARKETING_VERSION = 1.0;
				PRODUCT_BUNDLE_IDENTIFIER = com.personal.LearningAppAlt;
				PRODUCT_NAME = "$(TARGET_NAME)";
				SWIFT_EMIT_LOC_STRINGS = YES;
				SWIFT_VERSION = 5.0;
				TARGETED_DEVICE_FAMILY = "1,2";
			};
			name = Release;
		};
/* End XCBuildConfiguration section */

/* Begin XCConfigurationList section */
		CBEAD9FE2817585300AE0DD2 /* Build configuration list for PBXProject "LearningAppAlt" */ = {
			isa = XCConfigurationList;
			buildConfigurations = (
				CBEADA0F2817585C00AE0DD2 /* Debug */,
				CBEADA102817585C00AE0DD2 /* Release */,
			);
			defaultConfigurationIsVisible = 0;
			defaultConfigurationName = Release;
		};
		CBEADA112817585C00AE0DD2 /* Build configuration list for PBXNativeTarget "LearningAppAlt" */ = {
			isa = XCConfigurationList;
			buildConfigurations = (
				CBEADA122817585C00AE0DD2 /* Debug */,
				CBEADA132817585C00AE0DD2 /* Release */,
			);
			defaultConfigurationIsVisible = 0;
			defaultConfigurationName = Release;
		};
/* End XCConfigurationList section */
	};
	rootObject = CBEAD9FB2817585300AE0DD2 /* Project object */;
}
